
Microsoft Visual Studio Solution File, Format Version 12.00
# Visual Studio 15
VisualStudioVersion = 15.0.28010.2036
MinimumVisualStudioVersion = 10.0.40219.1
Project("{FAE04EC0-301F-11D3-BF4B-00C04F79EFBC}") = "YgoProPatcher", "YgoProPatcher\YgoProPatcher.csproj", "{52E921B8-BDB9-44AE-87BD-FCBD1178D991}"
EndProject
Global
	GlobalSection(SolutionConfigurationPlatforms) = preSolution
		Debug|Any CPU = Debug|Any CPU
		Debug|x86 = Debug|x86
		Release|Any CPU = Release|Any CPU
		Release|x86 = Release|x86
	EndGlobalSection
	GlobalSection(ProjectConfigurationPlatforms) = postSolution
		{52E921B8-BDB9-44AE-87BD-FCBD1178D991}.Debug|Any CPU.ActiveCfg = Debug|Any CPU
		{52E921B8-BDB9-44AE-87BD-FCBD1178D991}.Debug|Any CPU.Build.0 = Debug|Any CPU
		{52E921B8-BDB9-44AE-87BD-FCBD1178D991}.Debug|x86.ActiveCfg = Debug|x86
		{52E921B8-BDB9-44AE-87BD-FCBD1178D991}.Debug|x86.Build.0 = Debug|x86
		{52E921B8-BDB9-44AE-87BD-FCBD1178D991}.Release|Any CPU.ActiveCfg = Release|Any CPU
		{52E921B8-BDB9-44AE-87BD-FCBD1178D991}.Release|Any CPU.Build.0 = Release|Any CPU
		{52E921B8-BDB9-44AE-87BD-FCBD1178D991}.Release|x86.ActiveCfg = Release|x86
		{52E921B8-BDB9-44AE-87BD-FCBD1178D991}.Release|x86.Build.0 = Release|x86
	EndGlobalSection
	GlobalSection(SolutionProperties) = preSolution
		HideSolutionNode = FALSE
	EndGlobalSection
	GlobalSection(ExtensibilityGlobals) = postSolution
		SolutionGuid = {713D9678-102C-4120-AE3C-0736FA1EB9FA}
	EndGlobalSection
EndGlobal
